
Microsoft Visual Studio Solution File, Format Version 12.00
# Visual Studio 14
VisualStudioVersion = 14.0.25420.1
MinimumVisualStudioVersion = 10.0.40219.1
Project("{FAE04EC0-301F-11D3-BF4B-00C04F79EFBC}") = "SampleApplication", "SampleApplication\SampleApplication.csproj", "{6683C0C6-4AEB-4EEB-A6DE-9E3EEECDAA06}"
EndProject
Project("{FAE04EC0-301F-11D3-BF4B-00C04F79EFBC}") = "SampleApplication.Test", "SampleApplication.Test\SampleApplication.Test.csproj", "{03B38238-369F-4750-9894-DAD09545F7F8}"
EndProject
Global
	GlobalSection(SolutionConfigurationPlatforms) = preSolution
		Debug|Any CPU = Debug|Any CPU
		Release|Any CPU = Release|Any CPU
	EndGlobalSection
	GlobalSection(ProjectConfigurationPlatforms) = postSolution
		{6683C0C6-4AEB-4EEB-A6DE-9E3EEECDAA06}.Debug|Any CPU.ActiveCfg = Debug|Any CPU
		{6683C0C6-4AEB-4EEB-A6DE-9E3EEECDAA06}.Debug|Any CPU.Build.0 = Debug|Any CPU
		{6683C0C6-4AEB-4EEB-A6DE-9E3EEECDAA06}.Release|Any CPU.ActiveCfg = Release|Any CPU
		{6683C0C6-4AEB-4EEB-A6DE-9E3EEECDAA06}.Release|Any CPU.Build.0 = Release|Any CPU
		{03B38238-369F-4750-9894-DAD09545F7F8}.Debug|Any CPU.ActiveCfg = Debug|Any CPU
		{03B38238-369F-4750-9894-DAD09545F7F8}.Debug|Any CPU.Build.0 = Debug|Any CPU
		{03B38238-369F-4750-9894-DAD09545F7F8}.Release|Any CPU.ActiveCfg = Release|Any CPU
		{03B38238-369F-4750-9894-DAD09545F7F8}.Release|Any CPU.Build.0 = Release|Any CPU
	EndGlobalSection
	GlobalSection(SolutionProperties) = preSolution
		HideSolutionNode = FALSE
	EndGlobalSection
EndGlobal
